
Microsoft Visual Studio Solution File, Format Version 12.00
# Visual Studio Version 17
VisualStudioVersion = 17.8.34408.163
MinimumVisualStudioVersion = 10.0.40219.1
Project("{9A19103F-16F7-4668-BE54-9A1E7A4F7556}") = "Oobtainium.Abstractions", "Oobtainium.Abstractions\Oobtainium.Abstractions.csproj", "{C3611E60-7A9D-4343-BBAF-27E787807340}"
EndProject
Project("{9A19103F-16F7-4668-BE54-9A1E7A4F7556}") = "Oobtainium", "Oobtainium\Oobtainium.csproj", "{7A30D0B5-F852-4312-ABEF-E584E346CA4D}"
EndProject
Project("{9A19103F-16F7-4668-BE54-9A1E7A4F7556}") = "Oobtainium.Tests", "Oobtainium.Tests\Oobtainium.Tests.csproj", "{266C5E50-975C-493E-B5B5-A0868046AF6A}"
EndProject
Project("{2150E333-8FDC-42A3-9474-1A3956D46DE8}") = "parent", "parent", "{6727DC89-E340-4610-B4EE-3446461C616A}"
	ProjectSection(SolutionItems) = preProject
		..\.gitattributes = ..\.gitattributes
		..\.gitignore = ..\.gitignore
		..\GitVersion.yml = ..\GitVersion.yml
		..\LICENSE = ..\LICENSE
		..\README.md = ..\README.md
	EndProjectSection
EndProject
Project("{2150E333-8FDC-42A3-9474-1A3956D46DE8}") = ".github", ".github", "{24B5BD98-3BD2-41DE-A41D-E45FB59ECED4}"
EndProject
Project("{2150E333-8FDC-42A3-9474-1A3956D46DE8}") = "workflows", "workflows", "{325FB05E-3E11-495C-A12B-926DA23583EF}"
	ProjectSection(SolutionItems) = preProject
		..\.github\workflows\dotnet-core.yml = ..\.github\workflows\dotnet-core.yml
	EndProjectSection
EndProject
Project("{2150E333-8FDC-42A3-9474-1A3956D46DE8}") = "Solution Items", "Solution Items", "{89394CCC-3CFE-4300-B28B-73A1B9292448}"
	ProjectSection(SolutionItems) = preProject
		.editorconfig = .editorconfig
		.runsettings = .runsettings
		Directory.Build.props = Directory.Build.props
		Directory.Build.targets = Directory.Build.targets
	EndProjectSection
EndProject
Project("{9A19103F-16F7-4668-BE54-9A1E7A4F7556}") = "Oobtainium.TestUtilities", "Oobtainium.TestUtilities\Oobtainium.TestUtilities.csproj", "{4F9F61F0-C005-43CA-B5BA-56801584BA47}"
EndProject
Project("{2150E333-8FDC-42A3-9474-1A3956D46DE8}") = "IO", "IO", "{ACA04CBA-B315-40F1-A093-22FBD1760682}"
EndProject
Project("{9A19103F-16F7-4668-BE54-9A1E7A4F7556}") = "Oobtainium.IO.Pipelines", "IO\Oobtainium.IO.Pipelines\Oobtainium.IO.Pipelines.csproj", "{E6F519F7-E5E6-42E5-A0E7-2956795ACDA2}"
EndProject
Project("{9A19103F-16F7-4668-BE54-9A1E7A4F7556}") = "Oobtainium.IO.Ports", "IO\Oobtainium.IO.Ports\Oobtainium.IO.Ports.csproj", "{B66560AA-F28D-45AB-9562-CAFF2B440390}"
EndProject
Project("{9A19103F-16F7-4668-BE54-9A1E7A4F7556}") = "Oobtainium.IO.Tests", "IO\Oobtainium.IO.Tests\Oobtainium.IO.Tests.csproj", "{517A6C99-3C34-4F37-968A-FF3CB633F58E}"
EndProject
Project("{9A19103F-16F7-4668-BE54-9A1E7A4F7556}") = "Oobtainium.IO.UsbHids", "IO\Oobtainium.IO.UsbHids\Oobtainium.IO.UsbHids.csproj", "{574A4D90-A36C-4AF2-9B93-D03853AA9C88}"
EndProject
Project("{2150E333-8FDC-42A3-9474-1A3956D46DE8}") = "Devices", "Devices", "{764A3535-6851-450B-B39D-807FA96921D1}"
EndProject
Project("{9A19103F-16F7-4668-BE54-9A1E7A4F7556}") = "Oobtainium.Devices.EByteElectronicTechnology", "Devices\Oobtainium.Devices.EByteElectronicTechnology\Oobtainium.Devices.EByteElectronicTechnology.csproj", "{BB62574E-71B2-4717-8A9D-0035C270921F}"
EndProject
Project("{9A19103F-16F7-4668-BE54-9A1E7A4F7556}") = "Oobtainium.Devices.ElectronicScoringMachines.Fencing", "Devices\Oobtainium.Devices.ElectronicScoringMachines.Fencing\Oobtainium.Devices.ElectronicScoringMachines.Fencing.csproj", "{84BD1555-A250-4F67-A608-30C2E8D559B8}"
EndProject
Project("{9A19103F-16F7-4668-BE54-9A1E7A4F7556}") = "Oobtainium.Devices.Kuando.Busylight", "Devices\Oobtainium.Devices.Kuando.Busylight\Oobtainium.Devices.Kuando.Busylight.csproj", "{F86B4C62-FB2E-468E-ADBD-A6C9A44385BC}"
EndProject
Project("{9A19103F-16F7-4668-BE54-9A1E7A4F7556}") = "Oobtainium.Devices.LanC", "Devices\Oobtainium.Devices.LanC\Oobtainium.Devices.LanC.csproj", "{7B2215CA-20F8-4378-927C-B4310055D494}"
EndProject
Project("{9A19103F-16F7-4668-BE54-9A1E7A4F7556}") = "Oobtainium.Devices.Nmea", "Devices\Oobtainium.Devices.Nmea\Oobtainium.Devices.Nmea.csproj", "{E98D178D-5C3E-4E43-AF56-9E4332AD6D78}"
EndProject
Project("{9A19103F-16F7-4668-BE54-9A1E7A4F7556}") = "Oobtainium.Devices.Quarta.RadexOne", "Devices\Oobtainium.Devices.Quarta.RadexOne\Oobtainium.Devices.Quarta.RadexOne.csproj", "{660EC401-791D-41AA-9BEF-9539701CCC91}"
EndProject
Project("{9A19103F-16F7-4668-BE54-9A1E7A4F7556}") = "Oobtainium.Devices.Rigol", "Devices\Oobtainium.Devices.Rigol\Oobtainium.Devices.Rigol.csproj", "{3FEC5819-5C71-48EF-8A13-D43CE93B78B4}"
EndProject
Project("{9A19103F-16F7-4668-BE54-9A1E7A4F7556}") = "Oobtainium.Devices.Velleman.K8055", "Devices\Oobtainium.Devices.Velleman.K8055\Oobtainium.Devices.Velleman.K8055.csproj", "{A28B2229-BF7C-4351-9AA0-206A5BE2B82D}"
EndProject
Project("{9A19103F-16F7-4668-BE54-9A1E7A4F7556}") = "Oobtainium.Devices.Zoom.H4n", "Devices\Oobtainium.Devices.Zoom.H4n\Oobtainium.Devices.Zoom.H4n.csproj", "{481B7CA6-B2A4-421B-8189-FFECD7358543}"
EndProject
Project("{9A19103F-16F7-4668-BE54-9A1E7A4F7556}") = "Oobtainium.Devices.Tests", "Devices\Oobtainium.Devices.Tests\Oobtainium.Devices.Tests.csproj", "{0FB11091-6260-4879-9607-D9E7EE360999}"
EndProject
Project("{2150E333-8FDC-42A3-9474-1A3956D46DE8}") = "Text", "Text", "{DEE4E00E-3B2D-4515-96AB-66F3682007D7}"
EndProject
Project("{9A19103F-16F7-4668-BE54-9A1E7A4F7556}") = "Oobtainium.Text.Markdown", "Text\Oobtainium.Text.Markdown\Oobtainium.Text.Markdown.csproj", "{9856EEC2-58F1-437C-A4D9-4F2176BA68A4}"
EndProject
Project("{9A19103F-16F7-4668-BE54-9A1E7A4F7556}") = "Oobtainium.Text.Tests", "Text\Oobtainium.Text.Tests\Oobtainium.Text.Tests.csproj", "{8659897A-CEC8-4700-B6A0-44838A0E9418}"
EndProject
Project("{9A19103F-16F7-4668-BE54-9A1E7A4F7556}") = "Oobtainium.Text.Yaml", "Text\Oobtainium.Text.Yaml\Oobtainium.Text.Yaml.csproj", "{A72E2E98-0EDF-46E2-9C59-8BA3BB86705C}"
EndProject
Project("{FAE04EC0-301F-11D3-BF4B-00C04F79EFBC}") = "Oobtainium.Text.Html", "Text\Oobtainium.Text.Html\Oobtainium.Text.Html.csproj", "{9833D7EB-91A3-44C9-BCA2-91ACF3E29A48}"
EndProject
Global
	GlobalSection(SolutionConfigurationPlatforms) = preSolution
		Debug|Any CPU = Debug|Any CPU
		Release|Any CPU = Release|Any CPU
	EndGlobalSection
	GlobalSection(ProjectConfigurationPlatforms) = postSolution
		{C3611E60-7A9D-4343-BBAF-27E787807340}.Debug|Any CPU.ActiveCfg = Debug|Any CPU
		{C3611E60-7A9D-4343-BBAF-27E787807340}.Debug|Any CPU.Build.0 = Debug|Any CPU
		{C3611E60-7A9D-4343-BBAF-27E787807340}.Release|Any CPU.ActiveCfg = Release|Any CPU
		{C3611E60-7A9D-4343-BBAF-27E787807340}.Release|Any CPU.Build.0 = Release|Any CPU
		{7A30D0B5-F852-4312-ABEF-E584E346CA4D}.Debug|Any CPU.ActiveCfg = Debug|Any CPU
		{7A30D0B5-F852-4312-ABEF-E584E346CA4D}.Debug|Any CPU.Build.0 = Debug|Any CPU
		{7A30D0B5-F852-4312-ABEF-E584E346CA4D}.Release|Any CPU.ActiveCfg = Release|Any CPU
		{7A30D0B5-F852-4312-ABEF-E584E346CA4D}.Release|Any CPU.Build.0 = Release|Any CPU
		{266C5E50-975C-493E-B5B5-A0868046AF6A}.Debug|Any CPU.ActiveCfg = Debug|Any CPU
		{266C5E50-975C-493E-B5B5-A0868046AF6A}.Debug|Any CPU.Build.0 = Debug|Any CPU
		{266C5E50-975C-493E-B5B5-A0868046AF6A}.Release|Any CPU.ActiveCfg = Release|Any CPU
		{266C5E50-975C-493E-B5B5-A0868046AF6A}.Release|Any CPU.Build.0 = Release|Any CPU
		{4F9F61F0-C005-43CA-B5BA-56801584BA47}.Debug|Any CPU.ActiveCfg = Debug|Any CPU
		{4F9F61F0-C005-43CA-B5BA-56801584BA47}.Debug|Any CPU.Build.0 = Debug|Any CPU
		{4F9F61F0-C005-43CA-B5BA-56801584BA47}.Release|Any CPU.ActiveCfg = Release|Any CPU
		{4F9F61F0-C005-43CA-B5BA-56801584BA47}.Release|Any CPU.Build.0 = Release|Any CPU
		{E6F519F7-E5E6-42E5-A0E7-2956795ACDA2}.Debug|Any CPU.ActiveCfg = Debug|Any CPU
		{E6F519F7-E5E6-42E5-A0E7-2956795ACDA2}.Debug|Any CPU.Build.0 = Debug|Any CPU
		{E6F519F7-E5E6-42E5-A0E7-2956795ACDA2}.Release|Any CPU.ActiveCfg = Release|Any CPU
		{E6F519F7-E5E6-42E5-A0E7-2956795ACDA2}.Release|Any CPU.Build.0 = Release|Any CPU
		{B66560AA-F28D-45AB-9562-CAFF2B440390}.Debug|Any CPU.ActiveCfg = Debug|Any CPU
		{B66560AA-F28D-45AB-9562-CAFF2B440390}.Debug|Any CPU.Build.0 = Debug|Any CPU
		{B66560AA-F28D-45AB-9562-CAFF2B440390}.Release|Any CPU.ActiveCfg = Release|Any CPU
		{B66560AA-F28D-45AB-9562-CAFF2B440390}.Release|Any CPU.Build.0 = Release|Any CPU
		{517A6C99-3C34-4F37-968A-FF3CB633F58E}.Debug|Any CPU.ActiveCfg = Debug|Any CPU
		{517A6C99-3C34-4F37-968A-FF3CB633F58E}.Debug|Any CPU.Build.0 = Debug|Any CPU
		{517A6C99-3C34-4F37-968A-FF3CB633F58E}.Release|Any CPU.ActiveCfg = Release|Any CPU
		{517A6C99-3C34-4F37-968A-FF3CB633F58E}.Release|Any CPU.Build.0 = Release|Any CPU
		{574A4D90-A36C-4AF2-9B93-D03853AA9C88}.Debug|Any CPU.ActiveCfg = Debug|Any CPU
		{574A4D90-A36C-4AF2-9B93-D03853AA9C88}.Debug|Any CPU.Build.0 = Debug|Any CPU
		{574A4D90-A36C-4AF2-9B93-D03853AA9C88}.Release|Any CPU.ActiveCfg = Release|Any CPU
		{574A4D90-A36C-4AF2-9B93-D03853AA9C88}.Release|Any CPU.Build.0 = Release|Any CPU
		{BB62574E-71B2-4717-8A9D-0035C270921F}.Debug|Any CPU.ActiveCfg = Debug|Any CPU
		{BB62574E-71B2-4717-8A9D-0035C270921F}.Debug|Any CPU.Build.0 = Debug|Any CPU
		{BB62574E-71B2-4717-8A9D-0035C270921F}.Release|Any CPU.ActiveCfg = Release|Any CPU
		{BB62574E-71B2-4717-8A9D-0035C270921F}.Release|Any CPU.Build.0 = Release|Any CPU
		{84BD1555-A250-4F67-A608-30C2E8D559B8}.Debug|Any CPU.ActiveCfg = Debug|Any CPU
		{84BD1555-A250-4F67-A608-30C2E8D559B8}.Debug|Any CPU.Build.0 = Debug|Any CPU
		{84BD1555-A250-4F67-A608-30C2E8D559B8}.Release|Any CPU.ActiveCfg = Release|Any CPU
		{84BD1555-A250-4F67-A608-30C2E8D559B8}.Release|Any CPU.Build.0 = Release|Any CPU
		{F86B4C62-FB2E-468E-ADBD-A6C9A44385BC}.Debug|Any CPU.ActiveCfg = Debug|Any CPU
		{F86B4C62-FB2E-468E-ADBD-A6C9A44385BC}.Debug|Any CPU.Build.0 = Debug|Any CPU
		{F86B4C62-FB2E-468E-ADBD-A6C9A44385BC}.Release|Any CPU.ActiveCfg = Release|Any CPU
		{F86B4C62-FB2E-468E-ADBD-A6C9A44385BC}.Release|Any CPU.Build.0 = Release|Any CPU
		{7B2215CA-20F8-4378-927C-B4310055D494}.Debug|Any CPU.ActiveCfg = Debug|Any CPU
		{7B2215CA-20F8-4378-927C-B4310055D494}.Debug|Any CPU.Build.0 = Debug|Any CPU
		{7B2215CA-20F8-4378-927C-B4310055D494}.Release|Any CPU.ActiveCfg = Release|Any CPU
		{7B2215CA-20F8-4378-927C-B4310055D494}.Release|Any CPU.Build.0 = Release|Any CPU
		{E98D178D-5C3E-4E43-AF56-9E4332AD6D78}.Debug|Any CPU.ActiveCfg = Debug|Any CPU
		{E98D178D-5C3E-4E43-AF56-9E4332AD6D78}.Debug|Any CPU.Build.0 = Debug|Any CPU
		{E98D178D-5C3E-4E43-AF56-9E4332AD6D78}.Release|Any CPU.ActiveCfg = Release|Any CPU
		{E98D178D-5C3E-4E43-AF56-9E4332AD6D78}.Release|Any CPU.Build.0 = Release|Any CPU
		{660EC401-791D-41AA-9BEF-9539701CCC91}.Debug|Any CPU.ActiveCfg = Debug|Any CPU
		{660EC401-791D-41AA-9BEF-9539701CCC91}.Debug|Any CPU.Build.0 = Debug|Any CPU
		{660EC401-791D-41AA-9BEF-9539701CCC91}.Release|Any CPU.ActiveCfg = Release|Any CPU
		{660EC401-791D-41AA-9BEF-9539701CCC91}.Release|Any CPU.Build.0 = Release|Any CPU
		{3FEC5819-5C71-48EF-8A13-D43CE93B78B4}.Debug|Any CPU.ActiveCfg = Debug|Any CPU
		{3FEC5819-5C71-48EF-8A13-D43CE93B78B4}.Debug|Any CPU.Build.0 = Debug|Any CPU
		{3FEC5819-5C71-48EF-8A13-D43CE93B78B4}.Release|Any CPU.ActiveCfg = Release|Any CPU
		{3FEC5819-5C71-48EF-8A13-D43CE93B78B4}.Release|Any CPU.Build.0 = Release|Any CPU
		{A28B2229-BF7C-4351-9AA0-206A5BE2B82D}.Debug|Any CPU.ActiveCfg = Debug|Any CPU
		{A28B2229-BF7C-4351-9AA0-206A5BE2B82D}.Debug|Any CPU.Build.0 = Debug|Any CPU
		{A28B2229-BF7C-4351-9AA0-206A5BE2B82D}.Release|Any CPU.ActiveCfg = Release|Any CPU
		{A28B2229-BF7C-4351-9AA0-206A5BE2B82D}.Release|Any CPU.Build.0 = Release|Any CPU
		{481B7CA6-B2A4-421B-8189-FFECD7358543}.Debug|Any CPU.ActiveCfg = Debug|Any CPU
		{481B7CA6-B2A4-421B-8189-FFECD7358543}.Debug|Any CPU.Build.0 = Debug|Any CPU
		{481B7CA6-B2A4-421B-8189-FFECD7358543}.Release|Any CPU.ActiveCfg = Release|Any CPU
		{481B7CA6-B2A4-421B-8189-FFECD7358543}.Release|Any CPU.Build.0 = Release|Any CPU
		{0FB11091-6260-4879-9607-D9E7EE360999}.Debug|Any CPU.ActiveCfg = Debug|Any CPU
		{0FB11091-6260-4879-9607-D9E7EE360999}.Debug|Any CPU.Build.0 = Debug|Any CPU
		{0FB11091-6260-4879-9607-D9E7EE360999}.Release|Any CPU.ActiveCfg = Release|Any CPU
		{0FB11091-6260-4879-9607-D9E7EE360999}.Release|Any CPU.Build.0 = Release|Any CPU
		{9856EEC2-58F1-437C-A4D9-4F2176BA68A4}.Debug|Any CPU.ActiveCfg = Debug|Any CPU
		{9856EEC2-58F1-437C-A4D9-4F2176BA68A4}.Debug|Any CPU.Build.0 = Debug|Any CPU
		{9856EEC2-58F1-437C-A4D9-4F2176BA68A4}.Release|Any CPU.ActiveCfg = Release|Any CPU
		{9856EEC2-58F1-437C-A4D9-4F2176BA68A4}.Release|Any CPU.Build.0 = Release|Any CPU
		{8659897A-CEC8-4700-B6A0-44838A0E9418}.Debug|Any CPU.ActiveCfg = Debug|Any CPU
		{8659897A-CEC8-4700-B6A0-44838A0E9418}.Debug|Any CPU.Build.0 = Debug|Any CPU
		{8659897A-CEC8-4700-B6A0-44838A0E9418}.Release|Any CPU.ActiveCfg = Release|Any CPU
		{8659897A-CEC8-4700-B6A0-44838A0E9418}.Release|Any CPU.Build.0 = Release|Any CPU
		{A72E2E98-0EDF-46E2-9C59-8BA3BB86705C}.Debug|Any CPU.ActiveCfg = Debug|Any CPU
		{A72E2E98-0EDF-46E2-9C59-8BA3BB86705C}.Debug|Any CPU.Build.0 = Debug|Any CPU
		{A72E2E98-0EDF-46E2-9C59-8BA3BB86705C}.Release|Any CPU.ActiveCfg = Release|Any CPU
		{A72E2E98-0EDF-46E2-9C59-8BA3BB86705C}.Release|Any CPU.Build.0 = Release|Any CPU
		{9833D7EB-91A3-44C9-BCA2-91ACF3E29A48}.Debug|Any CPU.ActiveCfg = Debug|Any CPU
		{9833D7EB-91A3-44C9-BCA2-91ACF3E29A48}.Debug|Any CPU.Build.0 = Debug|Any CPU
		{9833D7EB-91A3-44C9-BCA2-91ACF3E29A48}.Release|Any CPU.ActiveCfg = Release|Any CPU
		{9833D7EB-91A3-44C9-BCA2-91ACF3E29A48}.Release|Any CPU.Build.0 = Release|Any CPU
	EndGlobalSection
	GlobalSection(SolutionProperties) = preSolution
		HideSolutionNode = FALSE
	EndGlobalSection
	GlobalSection(NestedProjects) = preSolution
		{6727DC89-E340-4610-B4EE-3446461C616A} = {89394CCC-3CFE-4300-B28B-73A1B9292448}
		{24B5BD98-3BD2-41DE-A41D-E45FB59ECED4} = {6727DC89-E340-4610-B4EE-3446461C616A}
		{325FB05E-3E11-495C-A12B-926DA23583EF} = {24B5BD98-3BD2-41DE-A41D-E45FB59ECED4}
		{E6F519F7-E5E6-42E5-A0E7-2956795ACDA2} = {ACA04CBA-B315-40F1-A093-22FBD1760682}
		{B66560AA-F28D-45AB-9562-CAFF2B440390} = {ACA04CBA-B315-40F1-A093-22FBD1760682}
		{517A6C99-3C34-4F37-968A-FF3CB633F58E} = {ACA04CBA-B315-40F1-A093-22FBD1760682}
		{574A4D90-A36C-4AF2-9B93-D03853AA9C88} = {ACA04CBA-B315-40F1-A093-22FBD1760682}
		{BB62574E-71B2-4717-8A9D-0035C270921F} = {764A3535-6851-450B-B39D-807FA96921D1}
		{84BD1555-A250-4F67-A608-30C2E8D559B8} = {764A3535-6851-450B-B39D-807FA96921D1}
		{F86B4C62-FB2E-468E-ADBD-A6C9A44385BC} = {764A3535-6851-450B-B39D-807FA96921D1}
		{7B2215CA-20F8-4378-927C-B4310055D494} = {764A3535-6851-450B-B39D-807FA96921D1}
		{E98D178D-5C3E-4E43-AF56-9E4332AD6D78} = {764A3535-6851-450B-B39D-807FA96921D1}
		{660EC401-791D-41AA-9BEF-9539701CCC91} = {764A3535-6851-450B-B39D-807FA96921D1}
		{3FEC5819-5C71-48EF-8A13-D43CE93B78B4} = {764A3535-6851-450B-B39D-807FA96921D1}
		{A28B2229-BF7C-4351-9AA0-206A5BE2B82D} = {764A3535-6851-450B-B39D-807FA96921D1}
		{481B7CA6-B2A4-421B-8189-FFECD7358543} = {764A3535-6851-450B-B39D-807FA96921D1}
		{0FB11091-6260-4879-9607-D9E7EE360999} = {764A3535-6851-450B-B39D-807FA96921D1}
		{9856EEC2-58F1-437C-A4D9-4F2176BA68A4} = {DEE4E00E-3B2D-4515-96AB-66F3682007D7}
		{8659897A-CEC8-4700-B6A0-44838A0E9418} = {DEE4E00E-3B2D-4515-96AB-66F3682007D7}
		{A72E2E98-0EDF-46E2-9C59-8BA3BB86705C} = {DEE4E00E-3B2D-4515-96AB-66F3682007D7}
		{9833D7EB-91A3-44C9-BCA2-91ACF3E29A48} = {DEE4E00E-3B2D-4515-96AB-66F3682007D7}
	EndGlobalSection
	GlobalSection(ExtensibilityGlobals) = postSolution
		SolutionGuid = {8DE4B6AF-2D2C-4FF7-947D-2094D4EFA4FB}
	EndGlobalSection
EndGlobal
