
Microsoft Visual Studio Solution File, Format Version 12.00
# Visual Studio Version 17
VisualStudioVersion = 17.8.34408.163
MinimumVisualStudioVersion = 10.0.40219.1
Project("{9A19103F-16F7-4668-BE54-9A1E7A4F7556}") = "Oobtainium.Abstractions", "Oobtainium.Abstractions\Oobtainium.Abstractions.csproj", "{C3611E60-7A9D-4343-BBAF-27E787807340}"
EndProject
Project("{9A19103F-16F7-4668-BE54-9A1E7A4F7556}") = "Oobtainium", "Oobtainium\Oobtainium.csproj", "{7A30D0B5-F852-4312-ABEF-E584E346CA4D}"
EndProject
Project("{FAE04EC0-301F-11D3-BF4B-00C04F79EFBC}") = "Oobtainium.Tests", "Oobtainium.Tests\Oobtainium.Tests.csproj", "{266C5E50-975C-493E-B5B5-A0868046AF6A}"
EndProject
Project("{2150E333-8FDC-42A3-9474-1A3956D46DE8}") = "parent", "parent", "{6727DC89-E340-4610-B4EE-3446461C616A}"
	ProjectSection(SolutionItems) = preProject
		..\.gitignore = ..\.gitignore
		..\GitVersion.yml = ..\GitVersion.yml
		..\LICENSE = ..\LICENSE
		..\README.md = ..\README.md
	EndProjectSection
EndProject
Project("{2150E333-8FDC-42A3-9474-1A3956D46DE8}") = ".github", ".github", "{24B5BD98-3BD2-41DE-A41D-E45FB59ECED4}"
EndProject
Project("{2150E333-8FDC-42A3-9474-1A3956D46DE8}") = "workflows", "workflows", "{325FB05E-3E11-495C-A12B-926DA23583EF}"
	ProjectSection(SolutionItems) = preProject
		..\.github\workflows\dotnet-core.yml = ..\.github\workflows\dotnet-core.yml
	EndProjectSection
EndProject
Project("{2150E333-8FDC-42A3-9474-1A3956D46DE8}") = "Solution Items", "Solution Items", "{89394CCC-3CFE-4300-B28B-73A1B9292448}"
	ProjectSection(SolutionItems) = preProject
		.editorconfig = .editorconfig
		.runsettings = .runsettings
		Directory.Build.props = Directory.Build.props
		Directory.Build.targets = Directory.Build.targets
	EndProjectSection
EndProject
Global
	GlobalSection(SolutionConfigurationPlatforms) = preSolution
		Debug|Any CPU = Debug|Any CPU
		Release|Any CPU = Release|Any CPU
	EndGlobalSection
	GlobalSection(ProjectConfigurationPlatforms) = postSolution
		{C3611E60-7A9D-4343-BBAF-27E787807340}.Debug|Any CPU.ActiveCfg = Debug|Any CPU
		{C3611E60-7A9D-4343-BBAF-27E787807340}.Debug|Any CPU.Build.0 = Debug|Any CPU
		{C3611E60-7A9D-4343-BBAF-27E787807340}.Release|Any CPU.ActiveCfg = Release|Any CPU
		{C3611E60-7A9D-4343-BBAF-27E787807340}.Release|Any CPU.Build.0 = Release|Any CPU
		{7A30D0B5-F852-4312-ABEF-E584E346CA4D}.Debug|Any CPU.ActiveCfg = Debug|Any CPU
		{7A30D0B5-F852-4312-ABEF-E584E346CA4D}.Debug|Any CPU.Build.0 = Debug|Any CPU
		{7A30D0B5-F852-4312-ABEF-E584E346CA4D}.Release|Any CPU.ActiveCfg = Release|Any CPU
		{7A30D0B5-F852-4312-ABEF-E584E346CA4D}.Release|Any CPU.Build.0 = Release|Any CPU
		{266C5E50-975C-493E-B5B5-A0868046AF6A}.Debug|Any CPU.ActiveCfg = Debug|Any CPU
		{266C5E50-975C-493E-B5B5-A0868046AF6A}.Debug|Any CPU.Build.0 = Debug|Any CPU
		{266C5E50-975C-493E-B5B5-A0868046AF6A}.Release|Any CPU.ActiveCfg = Release|Any CPU
		{266C5E50-975C-493E-B5B5-A0868046AF6A}.Release|Any CPU.Build.0 = Release|Any CPU
	EndGlobalSection
	GlobalSection(SolutionProperties) = preSolution
		HideSolutionNode = FALSE
	EndGlobalSection
	GlobalSection(NestedProjects) = preSolution
		{6727DC89-E340-4610-B4EE-3446461C616A} = {89394CCC-3CFE-4300-B28B-73A1B9292448}
		{24B5BD98-3BD2-41DE-A41D-E45FB59ECED4} = {6727DC89-E340-4610-B4EE-3446461C616A}
		{325FB05E-3E11-495C-A12B-926DA23583EF} = {24B5BD98-3BD2-41DE-A41D-E45FB59ECED4}
	EndGlobalSection
	GlobalSection(ExtensibilityGlobals) = postSolution
		SolutionGuid = {8DE4B6AF-2D2C-4FF7-947D-2094D4EFA4FB}
	EndGlobalSection
EndGlobal
